{
  "name": "testingdeboucelogic",
  "version": "1.0.0",
  "lockfileVersion": 1,
  "requires": true,
  "dependencies": {
    "debouncelogic": {
      "version": "1.0.0",
      "resolved": "https://registry.npmjs.org/debouncelogic/-/debouncelogic-1.0.0.tgz",
      "integrity": "sha512-v8+fnLeIK/lqgAyZajDNySdh0u6DVvFst54s3XjIfp+ZthLZ0qBZNuRYsPdz4wvj976+TloFQvXrwit97iioYw=="
    }
  }
}
